PODS:
  - Masonry (1.1.0)
  - MJRefresh (3.7.5)

DEPENDENCIES:
  - Masonry
  - MJRefresh

SPEC REPOS:
  trunk:
    - Masonry
    - MJRefresh

SPEC CHECKSUMS:
  Masonry: 678fab65091a9290e40e2832a55e7ab731aad201
  MJRefresh: fdf5e979eb406a0341468932d1dfc8b7f9fce961

PODFILE CHECKSUM: ed8a7c446b8d6b1546764087ebff5b6176053acc

COCOAPODS: 1.12.1
